
Microsoft Visual Studio Solution File, Format Version 12.00
# Visual Studio Version 17
VisualStudioVersion = 17.0.31903.59
MinimumVisualStudioVersion = 10.0.40219.1
Project("{2150E333-8FDC-42A3-9474-1A3956D46DE8}") = "src", "src", "{19C6B315-EAD1-4D29-BDD1-58488754FC2E}"
EndProject
Project("{2150E333-8FDC-42A3-9474-1A3956D46DE8}") = "tests", "tests", "{44525589-8D7D-4764-8ECE-8936E61DDF96}"
EndProject
Project("{9A19103F-16F7-4668-BE54-9A1E7A4F7556}") = "MFS.Tests.Unit", "tests\MFS.Tests.Unit\MFS.Tests.Unit.csproj", "{1EC5674E-1E5D-43AC-ABAE-5B609CB29B41}"
EndProject
Project("{2150E333-8FDC-42A3-9474-1A3956D46DE8}") = "Solution Items", "Solution Items", "{424AE8C9-E0B9-405F-BAEF-6642AC21E4A7}"
	ProjectSection(SolutionItems) = preProject
		.gitignore = .gitignore
		docker-compose.yaml = docker-compose.yaml
		Dockerfile = Dockerfile
		Readme.md = Readme.md
	EndProjectSection
EndProject
Project("{9A19103F-16F7-4668-BE54-9A1E7A4F7556}") = "MFS.API", "src\MFS.API\MFS.API.csproj", "{198E753B-8F9D-4E2E-9E56-6ECBD7A7759A}"
EndProject
Project("{9A19103F-16F7-4668-BE54-9A1E7A4F7556}") = "MFS.Application", "src\MFS.Application\MFS.Application.csproj", "{575DCC88-4083-4116-B66F-DDFB41D6B446}"
EndProject
Project("{9A19103F-16F7-4668-BE54-9A1E7A4F7556}") = "MFS.Client", "src\MFS.Client\MFS.Client.csproj", "{F7DE4F83-A5C4-4085-B6F4-A85E2D2CFFF1}"
EndProject
Project("{9A19103F-16F7-4668-BE54-9A1E7A4F7556}") = "MFS.Client.Infrastructure", "src\MFS.Client.Infrastructure\MFS.Client.Infrastructure.csproj", "{36845003-E85D-4CF1-A098-C86D4CA8A218}"
EndProject
Project("{9A19103F-16F7-4668-BE54-9A1E7A4F7556}") = "MFS.Core", "src\MFS.Core\MFS.Core.csproj", "{DE92B083-EA3B-464E-8FD3-0947DE82B1C2}"
EndProject
Project("{9A19103F-16F7-4668-BE54-9A1E7A4F7556}") = "MFS.Shared", "src\MFS.Shared\MFS.Shared.csproj", "{1A0E301C-0072-424D-BE7D-8E021742BDD7}"
EndProject
Project("{9A19103F-16F7-4668-BE54-9A1E7A4F7556}") = "MFS.Server.Persistence", "src\MFS.Server.Persistence\MFS.Server.Persistence.csproj", "{D762BD8C-1707-466C-82CC-82A5CAF37A4A}"
EndProject
Project("{9A19103F-16F7-4668-BE54-9A1E7A4F7556}") = "MFS.Server.Infrastructure", "src\MFS.Server.Infrastructure\MFS.Server.Infrastructure.csproj", "{1AA25F2F-855E-470B-B0E5-79BF1D61C06D}"
EndProject
Global
	GlobalSection(SolutionConfigurationPlatforms) = preSolution
		Debug|Any CPU = Debug|Any CPU
		Release|Any CPU = Release|Any CPU
	EndGlobalSection
	GlobalSection(ProjectConfigurationPlatforms) = postSolution
		{1EC5674E-1E5D-43AC-ABAE-5B609CB29B41}.Debug|Any CPU.ActiveCfg = Debug|Any CPU
		{1EC5674E-1E5D-43AC-ABAE-5B609CB29B41}.Debug|Any CPU.Build.0 = Debug|Any CPU
		{1EC5674E-1E5D-43AC-ABAE-5B609CB29B41}.Release|Any CPU.ActiveCfg = Release|Any CPU
		{1EC5674E-1E5D-43AC-ABAE-5B609CB29B41}.Release|Any CPU.Build.0 = Release|Any CPU
		{198E753B-8F9D-4E2E-9E56-6ECBD7A7759A}.Debug|Any CPU.ActiveCfg = Debug|Any CPU
		{198E753B-8F9D-4E2E-9E56-6ECBD7A7759A}.Debug|Any CPU.Build.0 = Debug|Any CPU
		{198E753B-8F9D-4E2E-9E56-6ECBD7A7759A}.Release|Any CPU.ActiveCfg = Release|Any CPU
		{198E753B-8F9D-4E2E-9E56-6ECBD7A7759A}.Release|Any CPU.Build.0 = Release|Any CPU
		{575DCC88-4083-4116-B66F-DDFB41D6B446}.Debug|Any CPU.ActiveCfg = Debug|Any CPU
		{575DCC88-4083-4116-B66F-DDFB41D6B446}.Debug|Any CPU.Build.0 = Debug|Any CPU
		{575DCC88-4083-4116-B66F-DDFB41D6B446}.Release|Any CPU.ActiveCfg = Release|Any CPU
		{575DCC88-4083-4116-B66F-DDFB41D6B446}.Release|Any CPU.Build.0 = Release|Any CPU
		{F7DE4F83-A5C4-4085-B6F4-A85E2D2CFFF1}.Debug|Any CPU.ActiveCfg = Debug|Any CPU
		{F7DE4F83-A5C4-4085-B6F4-A85E2D2CFFF1}.Debug|Any CPU.Build.0 = Debug|Any CPU
		{F7DE4F83-A5C4-4085-B6F4-A85E2D2CFFF1}.Release|Any CPU.ActiveCfg = Release|Any CPU
		{F7DE4F83-A5C4-4085-B6F4-A85E2D2CFFF1}.Release|Any CPU.Build.0 = Release|Any CPU
		{36845003-E85D-4CF1-A098-C86D4CA8A218}.Debug|Any CPU.ActiveCfg = Debug|Any CPU
		{36845003-E85D-4CF1-A098-C86D4CA8A218}.Debug|Any CPU.Build.0 = Debug|Any CPU
		{36845003-E85D-4CF1-A098-C86D4CA8A218}.Release|Any CPU.ActiveCfg = Release|Any CPU
		{36845003-E85D-4CF1-A098-C86D4CA8A218}.Release|Any CPU.Build.0 = Release|Any CPU
		{DE92B083-EA3B-464E-8FD3-0947DE82B1C2}.Debug|Any CPU.ActiveCfg = Debug|Any CPU
		{DE92B083-EA3B-464E-8FD3-0947DE82B1C2}.Debug|Any CPU.Build.0 = Debug|Any CPU
		{DE92B083-EA3B-464E-8FD3-0947DE82B1C2}.Release|Any CPU.ActiveCfg = Release|Any CPU
		{DE92B083-EA3B-464E-8FD3-0947DE82B1C2}.Release|Any CPU.Build.0 = Release|Any CPU
		{1A0E301C-0072-424D-BE7D-8E021742BDD7}.Debug|Any CPU.ActiveCfg = Debug|Any CPU
		{1A0E301C-0072-424D-BE7D-8E021742BDD7}.Debug|Any CPU.Build.0 = Debug|Any CPU
		{1A0E301C-0072-424D-BE7D-8E021742BDD7}.Release|Any CPU.ActiveCfg = Release|Any CPU
		{1A0E301C-0072-424D-BE7D-8E021742BDD7}.Release|Any CPU.Build.0 = Release|Any CPU
		{D762BD8C-1707-466C-82CC-82A5CAF37A4A}.Debug|Any CPU.ActiveCfg = Debug|Any CPU
		{D762BD8C-1707-466C-82CC-82A5CAF37A4A}.Debug|Any CPU.Build.0 = Debug|Any CPU
		{D762BD8C-1707-466C-82CC-82A5CAF37A4A}.Release|Any CPU.ActiveCfg = Release|Any CPU
		{D762BD8C-1707-466C-82CC-82A5CAF37A4A}.Release|Any CPU.Build.0 = Release|Any CPU
		{1AA25F2F-855E-470B-B0E5-79BF1D61C06D}.Debug|Any CPU.ActiveCfg = Debug|Any CPU
		{1AA25F2F-855E-470B-B0E5-79BF1D61C06D}.Debug|Any CPU.Build.0 = Debug|Any CPU
		{1AA25F2F-855E-470B-B0E5-79BF1D61C06D}.Release|Any CPU.ActiveCfg = Release|Any CPU
		{1AA25F2F-855E-470B-B0E5-79BF1D61C06D}.Release|Any CPU.Build.0 = Release|Any CPU
	EndGlobalSection
	GlobalSection(SolutionProperties) = preSolution
		HideSolutionNode = FALSE
	EndGlobalSection
	GlobalSection(NestedProjects) = preSolution
		{1EC5674E-1E5D-43AC-ABAE-5B609CB29B41} = {44525589-8D7D-4764-8ECE-8936E61DDF96}
		{198E753B-8F9D-4E2E-9E56-6ECBD7A7759A} = {19C6B315-EAD1-4D29-BDD1-58488754FC2E}
		{575DCC88-4083-4116-B66F-DDFB41D6B446} = {19C6B315-EAD1-4D29-BDD1-58488754FC2E}
		{F7DE4F83-A5C4-4085-B6F4-A85E2D2CFFF1} = {19C6B315-EAD1-4D29-BDD1-58488754FC2E}
		{36845003-E85D-4CF1-A098-C86D4CA8A218} = {19C6B315-EAD1-4D29-BDD1-58488754FC2E}
		{DE92B083-EA3B-464E-8FD3-0947DE82B1C2} = {19C6B315-EAD1-4D29-BDD1-58488754FC2E}
		{1A0E301C-0072-424D-BE7D-8E021742BDD7} = {19C6B315-EAD1-4D29-BDD1-58488754FC2E}
		{D762BD8C-1707-466C-82CC-82A5CAF37A4A} = {19C6B315-EAD1-4D29-BDD1-58488754FC2E}
		{1AA25F2F-855E-470B-B0E5-79BF1D61C06D} = {19C6B315-EAD1-4D29-BDD1-58488754FC2E}
	EndGlobalSection
	GlobalSection(ExtensibilityGlobals) = postSolution
		SolutionGuid = {82725BBC-C75E-455B-86C5-A92AC756A00E}
	EndGlobalSection
EndGlobal
