
Microsoft Visual Studio Solution File, Format Version 12.00
# Visual Studio Version 17
VisualStudioVersion = 17.0.31903.59
MinimumVisualStudioVersion = 10.0.40219.1
Project("{2150E333-8FDC-42A3-9474-1A3956D46DE8}") = "src", "src", "{19C6B315-EAD1-4D29-BDD1-58488754FC2E}"
EndProject
Project("{2150E333-8FDC-42A3-9474-1A3956D46DE8}") = "tests", "tests", "{44525589-8D7D-4764-8ECE-8936E61DDF96}"
EndProject
Project("{9A19103F-16F7-4668-BE54-9A1E7A4F7556}") = "MFS.Tests.Unit", "tests\MFS.Tests.Unit\MFS.Tests.Unit.csproj", "{1EC5674E-1E5D-43AC-ABAE-5B609CB29B41}"
EndProject
Project("{2150E333-8FDC-42A3-9474-1A3956D46DE8}") = "Solution Items", "Solution Items", "{424AE8C9-E0B9-405F-BAEF-6642AC21E4A7}"
	ProjectSection(SolutionItems) = preProject
		.gitignore = .gitignore
		Readme.md = Readme.md
	EndProjectSection
EndProject
Project("{2150E333-8FDC-42A3-9474-1A3956D46DE8}") = "Client", "Client", "{585AFAEB-67F7-4DCB-AF84-C238DE5F255B}"
EndProject
Project("{FAE04EC0-301F-11D3-BF4B-00C04F79EFBC}") = "MFS.Client", "src\Client\MFS.Client\MFS.Client.csproj", "{2695F114-AB8C-4823-86C6-2D2A4914609D}"
EndProject
Project("{FAE04EC0-301F-11D3-BF4B-00C04F79EFBC}") = "MFS.Client.Application", "src\Client\MFS.Client.Application\MFS.Client.Application.csproj", "{CD4FB1A6-09C1-400E-8400-D3DC7F1BD96F}"
EndProject
Project("{2150E333-8FDC-42A3-9474-1A3956D46DE8}") = "Server", "Server", "{F19DEB57-6F8E-4C4D-AB85-2DF47C618D21}"
EndProject
Project("{FAE04EC0-301F-11D3-BF4B-00C04F79EFBC}") = "MFS.API", "src\Server\MFS.API\MFS.API.csproj", "{35B6EF24-50FF-4028-94E2-B40BDF780E65}"
EndProject
Project("{FAE04EC0-301F-11D3-BF4B-00C04F79EFBC}") = "MFS.Application", "src\Server\MFS.Application\MFS.Application.csproj", "{C5FB1C51-6079-4F27-9038-F86283F79615}"
EndProject
Project("{FAE04EC0-301F-11D3-BF4B-00C04F79EFBC}") = "MFS.Core", "src\Server\MFS.Core\MFS.Core.csproj", "{A867FC29-A6A1-4563-A2BD-507F7589DDE9}"
EndProject
Project("{FAE04EC0-301F-11D3-BF4B-00C04F79EFBC}") = "MFS.Infrastructure", "src\Server\MFS.Infrastructure\MFS.Infrastructure.csproj", "{2E857520-37A3-4845-BD73-869D7EEA250D}"
EndProject
Project("{2150E333-8FDC-42A3-9474-1A3956D46DE8}") = "Shared", "Shared", "{9EE1E4D0-9F22-4EB8-8DAA-F1283D893C51}"
EndProject
Project("{FAE04EC0-301F-11D3-BF4B-00C04F79EFBC}") = "MFS.Shared", "src\Shared\MFS.Shared\MFS.Shared.csproj", "{1950B91D-55E9-432C-A612-288F6DE4473F}"
EndProject
Global
	GlobalSection(SolutionConfigurationPlatforms) = preSolution
		Debug|Any CPU = Debug|Any CPU
		Release|Any CPU = Release|Any CPU
	EndGlobalSection
	GlobalSection(ProjectConfigurationPlatforms) = postSolution
		{1EC5674E-1E5D-43AC-ABAE-5B609CB29B41}.Debug|Any CPU.ActiveCfg = Debug|Any CPU
		{1EC5674E-1E5D-43AC-ABAE-5B609CB29B41}.Debug|Any CPU.Build.0 = Debug|Any CPU
		{1EC5674E-1E5D-43AC-ABAE-5B609CB29B41}.Release|Any CPU.ActiveCfg = Release|Any CPU
		{1EC5674E-1E5D-43AC-ABAE-5B609CB29B41}.Release|Any CPU.Build.0 = Release|Any CPU
		{2695F114-AB8C-4823-86C6-2D2A4914609D}.Debug|Any CPU.ActiveCfg = Debug|Any CPU
		{2695F114-AB8C-4823-86C6-2D2A4914609D}.Debug|Any CPU.Build.0 = Debug|Any CPU
		{2695F114-AB8C-4823-86C6-2D2A4914609D}.Release|Any CPU.ActiveCfg = Release|Any CPU
		{2695F114-AB8C-4823-86C6-2D2A4914609D}.Release|Any CPU.Build.0 = Release|Any CPU
		{CD4FB1A6-09C1-400E-8400-D3DC7F1BD96F}.Debug|Any CPU.ActiveCfg = Debug|Any CPU
		{CD4FB1A6-09C1-400E-8400-D3DC7F1BD96F}.Debug|Any CPU.Build.0 = Debug|Any CPU
		{CD4FB1A6-09C1-400E-8400-D3DC7F1BD96F}.Release|Any CPU.ActiveCfg = Release|Any CPU
		{CD4FB1A6-09C1-400E-8400-D3DC7F1BD96F}.Release|Any CPU.Build.0 = Release|Any CPU
		{35B6EF24-50FF-4028-94E2-B40BDF780E65}.Debug|Any CPU.ActiveCfg = Debug|Any CPU
		{35B6EF24-50FF-4028-94E2-B40BDF780E65}.Debug|Any CPU.Build.0 = Debug|Any CPU
		{35B6EF24-50FF-4028-94E2-B40BDF780E65}.Release|Any CPU.ActiveCfg = Release|Any CPU
		{35B6EF24-50FF-4028-94E2-B40BDF780E65}.Release|Any CPU.Build.0 = Release|Any CPU
		{C5FB1C51-6079-4F27-9038-F86283F79615}.Debug|Any CPU.ActiveCfg = Debug|Any CPU
		{C5FB1C51-6079-4F27-9038-F86283F79615}.Debug|Any CPU.Build.0 = Debug|Any CPU
		{C5FB1C51-6079-4F27-9038-F86283F79615}.Release|Any CPU.ActiveCfg = Release|Any CPU
		{C5FB1C51-6079-4F27-9038-F86283F79615}.Release|Any CPU.Build.0 = Release|Any CPU
		{A867FC29-A6A1-4563-A2BD-507F7589DDE9}.Debug|Any CPU.ActiveCfg = Debug|Any CPU
		{A867FC29-A6A1-4563-A2BD-507F7589DDE9}.Debug|Any CPU.Build.0 = Debug|Any CPU
		{A867FC29-A6A1-4563-A2BD-507F7589DDE9}.Release|Any CPU.ActiveCfg = Release|Any CPU
		{A867FC29-A6A1-4563-A2BD-507F7589DDE9}.Release|Any CPU.Build.0 = Release|Any CPU
		{2E857520-37A3-4845-BD73-869D7EEA250D}.Debug|Any CPU.ActiveCfg = Debug|Any CPU
		{2E857520-37A3-4845-BD73-869D7EEA250D}.Debug|Any CPU.Build.0 = Debug|Any CPU
		{2E857520-37A3-4845-BD73-869D7EEA250D}.Release|Any CPU.ActiveCfg = Release|Any CPU
		{2E857520-37A3-4845-BD73-869D7EEA250D}.Release|Any CPU.Build.0 = Release|Any CPU
		{1950B91D-55E9-432C-A612-288F6DE4473F}.Debug|Any CPU.ActiveCfg = Debug|Any CPU
		{1950B91D-55E9-432C-A612-288F6DE4473F}.Debug|Any CPU.Build.0 = Debug|Any CPU
		{1950B91D-55E9-432C-A612-288F6DE4473F}.Release|Any CPU.ActiveCfg = Release|Any CPU
		{1950B91D-55E9-432C-A612-288F6DE4473F}.Release|Any CPU.Build.0 = Release|Any CPU
	EndGlobalSection
	GlobalSection(SolutionProperties) = preSolution
		HideSolutionNode = FALSE
	EndGlobalSection
	GlobalSection(NestedProjects) = preSolution
		{1EC5674E-1E5D-43AC-ABAE-5B609CB29B41} = {44525589-8D7D-4764-8ECE-8936E61DDF96}
		{585AFAEB-67F7-4DCB-AF84-C238DE5F255B} = {19C6B315-EAD1-4D29-BDD1-58488754FC2E}
		{2695F114-AB8C-4823-86C6-2D2A4914609D} = {585AFAEB-67F7-4DCB-AF84-C238DE5F255B}
		{CD4FB1A6-09C1-400E-8400-D3DC7F1BD96F} = {585AFAEB-67F7-4DCB-AF84-C238DE5F255B}
		{F19DEB57-6F8E-4C4D-AB85-2DF47C618D21} = {19C6B315-EAD1-4D29-BDD1-58488754FC2E}
		{35B6EF24-50FF-4028-94E2-B40BDF780E65} = {F19DEB57-6F8E-4C4D-AB85-2DF47C618D21}
		{C5FB1C51-6079-4F27-9038-F86283F79615} = {F19DEB57-6F8E-4C4D-AB85-2DF47C618D21}
		{A867FC29-A6A1-4563-A2BD-507F7589DDE9} = {F19DEB57-6F8E-4C4D-AB85-2DF47C618D21}
		{2E857520-37A3-4845-BD73-869D7EEA250D} = {F19DEB57-6F8E-4C4D-AB85-2DF47C618D21}
		{9EE1E4D0-9F22-4EB8-8DAA-F1283D893C51} = {19C6B315-EAD1-4D29-BDD1-58488754FC2E}
		{1950B91D-55E9-432C-A612-288F6DE4473F} = {9EE1E4D0-9F22-4EB8-8DAA-F1283D893C51}
	EndGlobalSection
	GlobalSection(ExtensibilityGlobals) = postSolution
		SolutionGuid = {82725BBC-C75E-455B-86C5-A92AC756A00E}
	EndGlobalSection
EndGlobal
